
Microsoft Visual Studio Solution File, Format Version 12.00
# Visual Studio Version 16
VisualStudioVersion = 16.0.31205.134
MinimumVisualStudioVersion = 10.0.40219.1
Project("{FAE04EC0-301F-11D3-BF4B-00C04F79EFBC}") = "QuickDrive.Android", "QuickDrive\QuickDrive.Android\QuickDrive.Android.csproj", "{B2B58392-9D84-47F9-8B7F-CBD5D23DB6E5}"
EndProject
Project("{FAE04EC0-301F-11D3-BF4B-00C04F79EFBC}") = "QuickDrive.iOS", "QuickDrive\QuickDrive.iOS\QuickDrive.iOS.csproj", "{1AEBFEBA-4D39-4691-A188-562DBCAF9787}"
EndProject
Project("{FAE04EC0-301F-11D3-BF4B-00C04F79EFBC}") = "QuickDrive", "QuickDrive\QuickDrive\QuickDrive.csproj", "{E49FD582-4422-495B-ADC3-721FA921DEC1}"
EndProject
Global
	GlobalSection(SolutionConfigurationPlatforms) = preSolution
		Debug|Any CPU = Debug|Any CPU
		Debug|iPhone = Debug|iPhone
		Debug|iPhoneSimulator = Debug|iPhoneSimulator
		Release|Any CPU = Release|Any CPU
		Release|iPhone = Release|iPhone
		Release|iPhoneSimulator = Release|iPhoneSimulator
	EndGlobalSection
	GlobalSection(ProjectConfigurationPlatforms) = postSolution
		{B2B58392-9D84-47F9-8B7F-CBD5D23DB6E5}.Debug|Any CPU.ActiveCfg = Debug|Any CPU
		{B2B58392-9D84-47F9-8B7F-CBD5D23DB6E5}.Debug|Any CPU.Build.0 = Debug|Any CPU
		{B2B58392-9D84-47F9-8B7F-CBD5D23DB6E5}.Debug|Any CPU.Deploy.0 = Debug|Any CPU
		{B2B58392-9D84-47F9-8B7F-CBD5D23DB6E5}.Debug|iPhone.ActiveCfg = Debug|Any CPU
		{B2B58392-9D84-47F9-8B7F-CBD5D23DB6E5}.Debug|iPhone.Build.0 = Debug|Any CPU
		{B2B58392-9D84-47F9-8B7F-CBD5D23DB6E5}.Debug|iPhone.Deploy.0 = Debug|Any CPU
		{B2B58392-9D84-47F9-8B7F-CBD5D23DB6E5}.Debug|iPhoneSimulator.ActiveCfg = Debug|Any CPU
		{B2B58392-9D84-47F9-8B7F-CBD5D23DB6E5}.Debug|iPhoneSimulator.Build.0 = Debug|Any CPU
		{B2B58392-9D84-47F9-8B7F-CBD5D23DB6E5}.Debug|iPhoneSimulator.Deploy.0 = Debug|Any CPU
		{B2B58392-9D84-47F9-8B7F-CBD5D23DB6E5}.Release|Any CPU.ActiveCfg = Release|Any CPU
		{B2B58392-9D84-47F9-8B7F-CBD5D23DB6E5}.Release|Any CPU.Build.0 = Release|Any CPU
		{B2B58392-9D84-47F9-8B7F-CBD5D23DB6E5}.Release|Any CPU.Deploy.0 = Release|Any CPU
		{B2B58392-9D84-47F9-8B7F-CBD5D23DB6E5}.Release|iPhone.ActiveCfg = Release|Any CPU
		{B2B58392-9D84-47F9-8B7F-CBD5D23DB6E5}.Release|iPhone.Build.0 = Release|Any CPU
		{B2B58392-9D84-47F9-8B7F-CBD5D23DB6E5}.Release|iPhone.Deploy.0 = Release|Any CPU
		{B2B58392-9D84-47F9-8B7F-CBD5D23DB6E5}.Release|iPhoneSimulator.ActiveCfg = Release|Any CPU
		{B2B58392-9D84-47F9-8B7F-CBD5D23DB6E5}.Release|iPhoneSimulator.Build.0 = Release|Any CPU
		{B2B58392-9D84-47F9-8B7F-CBD5D23DB6E5}.Release|iPhoneSimulator.Deploy.0 = Release|Any CPU
		{1AEBFEBA-4D39-4691-A188-562DBCAF9787}.Debug|Any CPU.ActiveCfg = Debug|iPhone
		{1AEBFEBA-4D39-4691-A188-562DBCAF9787}.Debug|Any CPU.Build.0 = Debug|iPhone
		{1AEBFEBA-4D39-4691-A188-562DBCAF9787}.Debug|Any CPU.Deploy.0 = Debug|iPhone
		{1AEBFEBA-4D39-4691-A188-562DBCAF9787}.Debug|iPhone.ActiveCfg = Debug|iPhone
		{1AEBFEBA-4D39-4691-A188-562DBCAF9787}.Debug|iPhone.Build.0 = Debug|iPhone
		{1AEBFEBA-4D39-4691-A188-562DBCAF9787}.Debug|iPhone.Deploy.0 = Debug|iPhone
		{1AEBFEBA-4D39-4691-A188-562DBCAF9787}.Debug|iPhoneSimulator.ActiveCfg = Debug|iPhoneSimulator
		{1AEBFEBA-4D39-4691-A188-562DBCAF9787}.Debug|iPhoneSimulator.Build.0 = Debug|iPhoneSimulator
		{1AEBFEBA-4D39-4691-A188-562DBCAF9787}.Debug|iPhoneSimulator.Deploy.0 = Debug|iPhoneSimulator
		{1AEBFEBA-4D39-4691-A188-562DBCAF9787}.Release|Any CPU.ActiveCfg = Release|iPhoneSimulator
		{1AEBFEBA-4D39-4691-A188-562DBCAF9787}.Release|Any CPU.Build.0 = Release|iPhoneSimulator
		{1AEBFEBA-4D39-4691-A188-562DBCAF9787}.Release|Any CPU.Deploy.0 = Release|iPhoneSimulator
		{1AEBFEBA-4D39-4691-A188-562DBCAF9787}.Release|iPhone.ActiveCfg = Release|iPhone
		{1AEBFEBA-4D39-4691-A188-562DBCAF9787}.Release|iPhone.Build.0 = Release|iPhone
		{1AEBFEBA-4D39-4691-A188-562DBCAF9787}.Release|iPhone.Deploy.0 = Release|iPhone
		{1AEBFEBA-4D39-4691-A188-562DBCAF9787}.Release|iPhoneSimulator.ActiveCfg = Release|iPhoneSimulator
		{1AEBFEBA-4D39-4691-A188-562DBCAF9787}.Release|iPhoneSimulator.Build.0 = Release|iPhoneSimulator
		{1AEBFEBA-4D39-4691-A188-562DBCAF9787}.Release|iPhoneSimulator.Deploy.0 = Release|iPhoneSimulator
		{E49FD582-4422-495B-ADC3-721FA921DEC1}.Debug|Any CPU.ActiveCfg = Debug|Any CPU
		{E49FD582-4422-495B-ADC3-721FA921DEC1}.Debug|Any CPU.Build.0 = Debug|Any CPU
		{E49FD582-4422-495B-ADC3-721FA921DEC1}.Debug|Any CPU.Deploy.0 = Debug|Any CPU
		{E49FD582-4422-495B-ADC3-721FA921DEC1}.Debug|iPhone.ActiveCfg = Debug|Any CPU
		{E49FD582-4422-495B-ADC3-721FA921DEC1}.Debug|iPhone.Build.0 = Debug|Any CPU
		{E49FD582-4422-495B-ADC3-721FA921DEC1}.Debug|iPhone.Deploy.0 = Debug|Any CPU
		{E49FD582-4422-495B-ADC3-721FA921DEC1}.Debug|iPhoneSimulator.ActiveCfg = Debug|Any CPU
		{E49FD582-4422-495B-ADC3-721FA921DEC1}.Debug|iPhoneSimulator.Build.0 = Debug|Any CPU
		{E49FD582-4422-495B-ADC3-721FA921DEC1}.Debug|iPhoneSimulator.Deploy.0 = Debug|Any CPU
		{E49FD582-4422-495B-ADC3-721FA921DEC1}.Release|Any CPU.ActiveCfg = Release|Any CPU
		{E49FD582-4422-495B-ADC3-721FA921DEC1}.Release|Any CPU.Build.0 = Release|Any CPU
		{E49FD582-4422-495B-ADC3-721FA921DEC1}.Release|Any CPU.Deploy.0 = Release|Any CPU
		{E49FD582-4422-495B-ADC3-721FA921DEC1}.Release|iPhone.ActiveCfg = Release|Any CPU
		{E49FD582-4422-495B-ADC3-721FA921DEC1}.Release|iPhone.Build.0 = Release|Any CPU
		{E49FD582-4422-495B-ADC3-721FA921DEC1}.Release|iPhone.Deploy.0 = Release|Any CPU
		{E49FD582-4422-495B-ADC3-721FA921DEC1}.Release|iPhoneSimulator.ActiveCfg = Release|Any CPU
		{E49FD582-4422-495B-ADC3-721FA921DEC1}.Release|iPhoneSimulator.Build.0 = Release|Any CPU
		{E49FD582-4422-495B-ADC3-721FA921DEC1}.Release|iPhoneSimulator.Deploy.0 = Release|Any CPU
	EndGlobalSection
	GlobalSection(SolutionProperties) = preSolution
		HideSolutionNode = FALSE
	EndGlobalSection
	GlobalSection(ExtensibilityGlobals) = postSolution
		SolutionGuid = {6BB1EFB6-BB6F-4EC3-A532-B333A87F3484}
	EndGlobalSection
EndGlobal
